
Microsoft Visual Studio Solution File, Format Version 12.00
# Visual Studio 15
VisualStudioVersion = 15.0.27703.2000
MinimumVisualStudioVersion = 10.0.40219.1
Project("{FAE04EC0-301F-11D3-BF4B-00C04F79EFBC}") = "SiliconIndy.WebMvc", "SiliconIndy.WebMvc\SiliconIndy.WebMvc.csproj", "{C9B7441B-5408-4D73-8BE5-83E9D1817706}"
EndProject
Global
	GlobalSection(SolutionConfigurationPlatforms) = preSolution
		Debug|Any CPU = Debug|Any CPU
		Release|Any CPU = Release|Any CPU
	EndGlobalSection
	GlobalSection(ProjectConfigurationPlatforms) = postSolution
		{C9B7441B-5408-4D73-8BE5-83E9D1817706}.Debug|Any CPU.ActiveCfg = Debug|Any CPU
		{C9B7441B-5408-4D73-8BE5-83E9D1817706}.Debug|Any CPU.Build.0 = Debug|Any CPU
		{C9B7441B-5408-4D73-8BE5-83E9D1817706}.Release|Any CPU.ActiveCfg = Release|Any CPU
		{C9B7441B-5408-4D73-8BE5-83E9D1817706}.Release|Any CPU.Build.0 = Release|Any CPU
	EndGlobalSection
	GlobalSection(SolutionProperties) = preSolution
		HideSolutionNode = FALSE
	EndGlobalSection
	GlobalSection(ExtensibilityGlobals) = postSolution
		SolutionGuid = {592D3798-FF11-4461-9939-FAB7506B646B}
	EndGlobalSection
EndGlobal
